
Microsoft Visual Studio Solution File, Format Version 12.00
# Visual Studio Version 17
VisualStudioVersion = 17.0.31903.59
MinimumVisualStudioVersion = 10.0.40219.1
Project("{2150E333-8FDC-42A3-9474-1A3956D46DE8}") = "src", "src", "{827E0CD3-B72D-47B6-A68D-7590B98EB39B}"
EndProject
Project("{FAE04EC0-301F-11D3-BF4B-00C04F79EFBC}") = "EduStats.Domain", "src\EduStats.Domain\EduStats.Domain.csproj", "{DD60D8C5-C015-43A0-84E2-8534C104535C}"
EndProject
Project("{FAE04EC0-301F-11D3-BF4B-00C04F79EFBC}") = "EduStats.Application", "src\EduStats.Application\EduStats.Application.csproj", "{3BA39533-8AB3-4C61-8EC5-D212237191BE}"
EndProject
Project("{FAE04EC0-301F-11D3-BF4B-00C04F79EFBC}") = "EduStats.Infrastructure", "src\EduStats.Infrastructure\EduStats.Infrastructure.csproj", "{5D2F7081-9C9E-440A-BBFC-E7B5FD74ADE2}"
EndProject
Project("{FAE04EC0-301F-11D3-BF4B-00C04F79EFBC}") = "EduStats.Api", "src\EduStats.Api\EduStats.Api.csproj", "{5C2A0D94-663A-4B09-936E-E5299B1B5D00}"
EndProject
Project("{FAE04EC0-301F-11D3-BF4B-00C04F79EFBC}") = "EduStats.Migrator", "src\EduStats.Migrator\EduStats.Migrator.csproj", "{FB2181D2-E32F-4FCB-8159-F0BE5AE8F5A3}"
EndProject
Project("{2150E333-8FDC-42A3-9474-1A3956D46DE8}") = "tests", "tests", "{0AB3BF05-4346-4AA6-1389-037BE0695223}"
EndProject
Project("{FAE04EC0-301F-11D3-BF4B-00C04F79EFBC}") = "EduStats.Application.Tests", "tests\EduStats.Application.Tests\EduStats.Application.Tests.csproj", "{4554F5B6-ED4D-4E52-9EE4-C9FDD9FD4385}"
EndProject
Global
	GlobalSection(SolutionConfigurationPlatforms) = preSolution
		Debug|Any CPU = Debug|Any CPU
		Debug|x64 = Debug|x64
		Debug|x86 = Debug|x86
		Release|Any CPU = Release|Any CPU
		Release|x64 = Release|x64
		Release|x86 = Release|x86
	EndGlobalSection
	GlobalSection(ProjectConfigurationPlatforms) = postSolution
		{DD60D8C5-C015-43A0-84E2-8534C104535C}.Debug|Any CPU.ActiveCfg = Debug|Any CPU
		{DD60D8C5-C015-43A0-84E2-8534C104535C}.Debug|Any CPU.Build.0 = Debug|Any CPU
		{DD60D8C5-C015-43A0-84E2-8534C104535C}.Debug|x64.ActiveCfg = Debug|Any CPU
		{DD60D8C5-C015-43A0-84E2-8534C104535C}.Debug|x64.Build.0 = Debug|Any CPU
		{DD60D8C5-C015-43A0-84E2-8534C104535C}.Debug|x86.ActiveCfg = Debug|Any CPU
		{DD60D8C5-C015-43A0-84E2-8534C104535C}.Debug|x86.Build.0 = Debug|Any CPU
		{DD60D8C5-C015-43A0-84E2-8534C104535C}.Release|Any CPU.ActiveCfg = Release|Any CPU
		{DD60D8C5-C015-43A0-84E2-8534C104535C}.Release|Any CPU.Build.0 = Release|Any CPU
		{DD60D8C5-C015-43A0-84E2-8534C104535C}.Release|x64.ActiveCfg = Release|Any CPU
		{DD60D8C5-C015-43A0-84E2-8534C104535C}.Release|x64.Build.0 = Release|Any CPU
		{DD60D8C5-C015-43A0-84E2-8534C104535C}.Release|x86.ActiveCfg = Release|Any CPU
		{DD60D8C5-C015-43A0-84E2-8534C104535C}.Release|x86.Build.0 = Release|Any CPU
		{3BA39533-8AB3-4C61-8EC5-D212237191BE}.Debug|Any CPU.ActiveCfg = Debug|Any CPU
		{3BA39533-8AB3-4C61-8EC5-D212237191BE}.Debug|Any CPU.Build.0 = Debug|Any CPU
		{3BA39533-8AB3-4C61-8EC5-D212237191BE}.Debug|x64.ActiveCfg = Debug|Any CPU
		{3BA39533-8AB3-4C61-8EC5-D212237191BE}.Debug|x64.Build.0 = Debug|Any CPU
		{3BA39533-8AB3-4C61-8EC5-D212237191BE}.Debug|x86.ActiveCfg = Debug|Any CPU
		{3BA39533-8AB3-4C61-8EC5-D212237191BE}.Debug|x86.Build.0 = Debug|Any CPU
		{3BA39533-8AB3-4C61-8EC5-D212237191BE}.Release|Any CPU.ActiveCfg = Release|Any CPU
		{3BA39533-8AB3-4C61-8EC5-D212237191BE}.Release|Any CPU.Build.0 = Release|Any CPU
		{3BA39533-8AB3-4C61-8EC5-D212237191BE}.Release|x64.ActiveCfg = Release|Any CPU
		{3BA39533-8AB3-4C61-8EC5-D212237191BE}.Release|x64.Build.0 = Release|Any CPU
		{3BA39533-8AB3-4C61-8EC5-D212237191BE}.Release|x86.ActiveCfg = Release|Any CPU
		{3BA39533-8AB3-4C61-8EC5-D212237191BE}.Release|x86.Build.0 = Release|Any CPU
		{5D2F7081-9C9E-440A-BBFC-E7B5FD74ADE2}.Debug|Any CPU.ActiveCfg = Debug|Any CPU
		{5D2F7081-9C9E-440A-BBFC-E7B5FD74ADE2}.Debug|Any CPU.Build.0 = Debug|Any CPU
		{5D2F7081-9C9E-440A-BBFC-E7B5FD74ADE2}.Debug|x64.ActiveCfg = Debug|Any CPU
		{5D2F7081-9C9E-440A-BBFC-E7B5FD74ADE2}.Debug|x64.Build.0 = Debug|Any CPU
		{5D2F7081-9C9E-440A-BBFC-E7B5FD74ADE2}.Debug|x86.ActiveCfg = Debug|Any CPU
		{5D2F7081-9C9E-440A-BBFC-E7B5FD74ADE2}.Debug|x86.Build.0 = Debug|Any CPU
		{5D2F7081-9C9E-440A-BBFC-E7B5FD74ADE2}.Release|Any CPU.ActiveCfg = Release|Any CPU
		{5D2F7081-9C9E-440A-BBFC-E7B5FD74ADE2}.Release|Any CPU.Build.0 = Release|Any CPU
		{5D2F7081-9C9E-440A-BBFC-E7B5FD74ADE2}.Release|x64.ActiveCfg = Release|Any CPU
		{5D2F7081-9C9E-440A-BBFC-E7B5FD74ADE2}.Release|x64.Build.0 = Release|Any CPU
		{5D2F7081-9C9E-440A-BBFC-E7B5FD74ADE2}.Release|x86.ActiveCfg = Release|Any CPU
		{5D2F7081-9C9E-440A-BBFC-E7B5FD74ADE2}.Release|x86.Build.0 = Release|Any CPU
		{5C2A0D94-663A-4B09-936E-E5299B1B5D00}.Debug|Any CPU.ActiveCfg = Debug|Any CPU
		{5C2A0D94-663A-4B09-936E-E5299B1B5D00}.Debug|Any CPU.Build.0 = Debug|Any CPU
		{5C2A0D94-663A-4B09-936E-E5299B1B5D00}.Debug|x64.ActiveCfg = Debug|Any CPU
		{5C2A0D94-663A-4B09-936E-E5299B1B5D00}.Debug|x64.Build.0 = Debug|Any CPU
		{5C2A0D94-663A-4B09-936E-E5299B1B5D00}.Debug|x86.ActiveCfg = Debug|Any CPU
		{5C2A0D94-663A-4B09-936E-E5299B1B5D00}.Debug|x86.Build.0 = Debug|Any CPU
		{5C2A0D94-663A-4B09-936E-E5299B1B5D00}.Release|Any CPU.ActiveCfg = Release|Any CPU
		{5C2A0D94-663A-4B09-936E-E5299B1B5D00}.Release|Any CPU.Build.0 = Release|Any CPU
		{5C2A0D94-663A-4B09-936E-E5299B1B5D00}.Release|x64.ActiveCfg = Release|Any CPU
		{5C2A0D94-663A-4B09-936E-E5299B1B5D00}.Release|x64.Build.0 = Release|Any CPU
		{5C2A0D94-663A-4B09-936E-E5299B1B5D00}.Release|x86.ActiveCfg = Release|Any CPU
		{5C2A0D94-663A-4B09-936E-E5299B1B5D00}.Release|x86.Build.0 = Release|Any CPU
		{FB2181D2-E32F-4FCB-8159-F0BE5AE8F5A3}.Debug|Any CPU.ActiveCfg = Debug|Any CPU
		{FB2181D2-E32F-4FCB-8159-F0BE5AE8F5A3}.Debug|Any CPU.Build.0 = Debug|Any CPU
		{FB2181D2-E32F-4FCB-8159-F0BE5AE8F5A3}.Debug|x64.ActiveCfg = Debug|Any CPU
		{FB2181D2-E32F-4FCB-8159-F0BE5AE8F5A3}.Debug|x64.Build.0 = Debug|Any CPU
		{FB2181D2-E32F-4FCB-8159-F0BE5AE8F5A3}.Debug|x86.ActiveCfg = Debug|Any CPU
		{FB2181D2-E32F-4FCB-8159-F0BE5AE8F5A3}.Debug|x86.Build.0 = Debug|Any CPU
		{FB2181D2-E32F-4FCB-8159-F0BE5AE8F5A3}.Release|Any CPU.ActiveCfg = Release|Any CPU
		{FB2181D2-E32F-4FCB-8159-F0BE5AE8F5A3}.Release|Any CPU.Build.0 = Release|Any CPU
		{FB2181D2-E32F-4FCB-8159-F0BE5AE8F5A3}.Release|x64.ActiveCfg = Release|Any CPU
		{FB2181D2-E32F-4FCB-8159-F0BE5AE8F5A3}.Release|x64.Build.0 = Release|Any CPU
		{FB2181D2-E32F-4FCB-8159-F0BE5AE8F5A3}.Release|x86.ActiveCfg = Release|Any CPU
		{FB2181D2-E32F-4FCB-8159-F0BE5AE8F5A3}.Release|x86.Build.0 = Release|Any CPU
		{4554F5B6-ED4D-4E52-9EE4-C9FDD9FD4385}.Debug|Any CPU.ActiveCfg = Debug|Any CPU
		{4554F5B6-ED4D-4E52-9EE4-C9FDD9FD4385}.Debug|Any CPU.Build.0 = Debug|Any CPU
		{4554F5B6-ED4D-4E52-9EE4-C9FDD9FD4385}.Debug|x64.ActiveCfg = Debug|Any CPU
		{4554F5B6-ED4D-4E52-9EE4-C9FDD9FD4385}.Debug|x64.Build.0 = Debug|Any CPU
		{4554F5B6-ED4D-4E52-9EE4-C9FDD9FD4385}.Debug|x86.ActiveCfg = Debug|Any CPU
		{4554F5B6-ED4D-4E52-9EE4-C9FDD9FD4385}.Debug|x86.Build.0 = Debug|Any CPU
		{4554F5B6-ED4D-4E52-9EE4-C9FDD9FD4385}.Release|Any CPU.ActiveCfg = Release|Any CPU
		{4554F5B6-ED4D-4E52-9EE4-C9FDD9FD4385}.Release|Any CPU.Build.0 = Release|Any CPU
		{4554F5B6-ED4D-4E52-9EE4-C9FDD9FD4385}.Release|x64.ActiveCfg = Release|Any CPU
		{4554F5B6-ED4D-4E52-9EE4-C9FDD9FD4385}.Release|x64.Build.0 = Release|Any CPU
		{4554F5B6-ED4D-4E52-9EE4-C9FDD9FD4385}.Release|x86.ActiveCfg = Release|Any CPU
		{4554F5B6-ED4D-4E52-9EE4-C9FDD9FD4385}.Release|x86.Build.0 = Release|Any CPU
	EndGlobalSection
	GlobalSection(SolutionProperties) = preSolution
		HideSolutionNode = FALSE
	EndGlobalSection
	GlobalSection(NestedProjects) = preSolution
		{DD60D8C5-C015-43A0-84E2-8534C104535C} = {827E0CD3-B72D-47B6-A68D-7590B98EB39B}
		{3BA39533-8AB3-4C61-8EC5-D212237191BE} = {827E0CD3-B72D-47B6-A68D-7590B98EB39B}
		{5D2F7081-9C9E-440A-BBFC-E7B5FD74ADE2} = {827E0CD3-B72D-47B6-A68D-7590B98EB39B}
		{5C2A0D94-663A-4B09-936E-E5299B1B5D00} = {827E0CD3-B72D-47B6-A68D-7590B98EB39B}
		{FB2181D2-E32F-4FCB-8159-F0BE5AE8F5A3} = {827E0CD3-B72D-47B6-A68D-7590B98EB39B}
		{4554F5B6-ED4D-4E52-9EE4-C9FDD9FD4385} = {0AB3BF05-4346-4AA6-1389-037BE0695223}
	EndGlobalSection
EndGlobal
